// !$*UTF8*$!
{
	archiveVersion = 1;
	classes = {
	};
	objectVersion = 50;
	objects = {

/* Begin PBXBuildFile section */
		F909BB0623E1E25600F6C36C /* LetsMove.framework in CopyFiles */ = {isa = PBXBuildFile; fileRef = F94C4C3D23E1140A00083222 /* LetsMove.framework */; settings = {ATTRIBUTES = (CodeSignOnCopy, RemoveHeadersOnCopy, ); }; };
		F909BB0923E1E2A600F6C36C /* LetsMove.framework in Frameworks */ = {isa = PBXBuildFile; fileRef = F94C4C3D23E1140A00083222 /* LetsMove.framework */; };
		F91941E023D0DE4400FA0D53 /* CDMManager.app in CopyFiles */ = {isa = PBXBuildFile; fileRef = F91941DD23D09FFB00FA0D53 /* CDMManager.app */; settings = {ATTRIBUTES = (RemoveHeadersOnCopy, ); }; };
		F94A80FE2385EBD600AA858B /* amphetamine-enhancer-allProcesses.plist in Resources */ = {isa = PBXBuildFile; fileRef = F94A80F42385EBD600AA858B /* amphetamine-enhancer-allProcesses.plist */; };
		F94A81012385EBD600AA858B /* amphetamine-enhancer-allProcesses.sh in Resources */ = {isa = PBXBuildFile; fileRef = F94A80F72385EBD600AA858B /* amphetamine-enhancer-allProcesses.sh */; };
		F94A81022385EBD600AA858B /* amphetamine-enhancer-cdmManager.sh in Resources */ = {isa = PBXBuildFile; fileRef = F94A80F82385EBD600AA858B /* amphetamine-enhancer-cdmManager.sh */; };
		F94A81032385EBD600AA858B /* amphetamine-enhancer-cdmManager.plist in Resources */ = {isa = PBXBuildFile; fileRef = F94A80F92385EBD600AA858B /* amphetamine-enhancer-cdmManager.plist */; };
		F94C4C4323E1D9D100083222 /* Sparkle.framework in Frameworks */ = {isa = PBXBuildFile; fileRef = F94C4C4223E1D9D100083222 /* Sparkle.framework */; };
		F94C4C4523E1DA2C00083222 /* Sparkle.framework in CopyFiles */ = {isa = PBXBuildFile; fileRef = F94C4C4223E1D9D100083222 /* Sparkle.framework */; settings = {ATTRIBUTES = (CodeSignOnCopy, RemoveHeadersOnCopy, ); }; };
		F9B5E25D23427E4C00A3B48E /* AppDelegate.m in Sources */ = {isa = PBXBuildFile; fileRef = F9B5E25C23427E4C00A3B48E /* AppDelegate.m */; };
		F9B5E25F23427E4D00A3B48E /* Assets.xcassets in Resources */ = {isa = PBXBuildFile; fileRef = F9B5E25E23427E4D00A3B48E /* Assets.xcassets */; };
		F9B5E26223427E4D00A3B48E /* MainMenu.xib in Resources */ = {isa = PBXBuildFile; fileRef = F9B5E26023427E4D00A3B48E /* MainMenu.xib */; };
		F9B5E26523427E4D00A3B48E /* main.m in Sources */ = {isa = PBXBuildFile; fileRef = F9B5E26423427E4D00A3B48E /* main.m */; };
/* End PBXBuildFile section */

/* Begin PBXContainerItemProxy section */
		F91941DC23D09FFB00FA0D53 /* PBXContainerItemProxy */ = {
			isa = PBXContainerItemProxy;
			containerPortal = F91941D823D09FFB00FA0D53 /* CDMManager.xcodeproj */;
			proxyType = 2;
			remoteGlobalIDString = F9AC7E3723C3F037007FBE9F;
			remoteInfo = CDMManager;
		};
/* End PBXContainerItemProxy section */

/* Begin PBXCopyFilesBuildPhase section */
		F91941D623D09EC000FA0D53 /* CopyFiles */ = {
			isa = PBXCopyFilesBuildPhase;
			buildActionMask = 2147483647;
			dstPath = CDMManager;
			dstSubfolderSpec = 7;
			files = (
				F91941E023D0DE4400FA0D53 /* CDMManager.app in CopyFiles */,
			);
			runOnlyForDeploymentPostprocessing = 0;
		};
		F94C4C4023E1143100083222 /* CopyFiles */ = {
			isa = PBXCopyFilesBuildPhase;
			buildActionMask = 2147483647;
			dstPath = "";
			dstSubfolderSpec = 10;
			files = (
				F94C4C4523E1DA2C00083222 /* Sparkle.framework in CopyFiles */,
				F909BB0623E1E25600F6C36C /* LetsMove.framework in CopyFiles */,
			);
			runOnlyForDeploymentPostprocessing = 0;
		};
/* End PBXCopyFilesBuildPhase section */

/* Begin PBXFileReference section */
		F91941D823D09FFB00FA0D53 /* CDMManager.xcodeproj */ = {isa = PBXFileReference; lastKnownFileType = "wrapper.pb-project"; name = CDMManager.xcodeproj; path = ../CDMManager/CDMManager.xcodeproj; sourceTree = "<group>"; };
		F94A80F42385EBD600AA858B /* amphetamine-enhancer-allProcesses.plist */ = {isa = PBXFileReference; fileEncoding = 4; lastKnownFileType = text.plist.xml; path = "amphetamine-enhancer-allProcesses.plist"; sourceTree = "<group>"; };
		F94A80F72385EBD600AA858B /* amphetamine-enhancer-allProcesses.sh */ = {isa = PBXFileReference; fileEncoding = 4; lastKnownFileType = text.script.sh; path = "amphetamine-enhancer-allProcesses.sh"; sourceTree = "<group>"; };
		F94A80F82385EBD600AA858B /* amphetamine-enhancer-cdmManager.sh */ = {isa = PBXFileReference; fileEncoding = 4; lastKnownFileType = text.script.sh; path = "amphetamine-enhancer-cdmManager.sh"; sourceTree = "<group>"; };
		F94A80F92385EBD600AA858B /* amphetamine-enhancer-cdmManager.plist */ = {isa = PBXFileReference; fileEncoding = 4; lastKnownFileType = text.plist.xml; path = "amphetamine-enhancer-cdmManager.plist"; sourceTree = "<group>"; };
		F94C4C3D23E1140A00083222 /* LetsMove.framework */ = {isa = PBXFileReference; lastKnownFileType = wrapper.framework; path = LetsMove.framework; sourceTree = "<group>"; };
		F94C4C4223E1D9D100083222 /* Sparkle.framework */ = {isa = PBXFileReference; lastKnownFileType = wrapper.framework; path = Sparkle.framework; sourceTree = "<group>"; };
		F9B5E25823427E4C00A3B48E /* Amphetamine Enhancer.app */ = {isa = PBXFileReference; explicitFileType = wrapper.application; includeInIndex = 0; path = "Amphetamine Enhancer.app"; sourceTree = BUILT_PRODUCTS_DIR; };
		F9B5E25B23427E4C00A3B48E /* AppDelegate.h */ = {isa = PBXFileReference; lastKnownFileType = sourcecode.c.h; path = AppDelegate.h; sourceTree = "<group>"; };
		F9B5E25C23427E4C00A3B48E /* AppDelegate.m */ = {isa = PBXFileReference; lastKnownFileType = sourcecode.c.objc; path = AppDelegate.m; sourceTree = "<group>"; };
		F9B5E25E23427E4D00A3B48E /* Assets.xcassets */ = {isa = PBXFileReference; lastKnownFileType = folder.assetcatalog; path = Assets.xcassets; sourceTree = "<group>"; };
		F9B5E26123427E4D00A3B48E /* Base */ = {isa = PBXFileReference; lastKnownFileType = file.xib; name = Base; path = Base.lproj/MainMenu.xib; sourceTree = "<group>"; };
		F9B5E26323427E4D00A3B48E /* Info.plist */ = {isa = PBXFileReference; lastKnownFileType = text.plist.xml; path = Info.plist; sourceTree = "<group>"; };
		F9B5E26423427E4D00A3B48E /* main.m */ = {isa = PBXFileReference; lastKnownFileType = sourcecode.c.objc; path = main.m; sourceTree = "<group>"; };
		F9B5E26623427E4D00A3B48E /* Amphetamine_Enhancer.entitlements */ = {isa = PBXFileReference; lastKnownFileType = text.plist.entitlements; path = Amphetamine_Enhancer.entitlements; sourceTree = "<group>"; };
/* End PBXFileReference section */

/* Begin PBXFrameworksBuildPhase section */
		F9B5E25523427E4C00A3B48E /* Frameworks */ = {
			isa = PBXFrameworksBuildPhase;
			buildActionMask = 2147483647;
			files = (
				F94C4C4323E1D9D100083222 /* Sparkle.framework in Frameworks */,
				F909BB0923E1E2A600F6C36C /* LetsMove.framework in Frameworks */,
			);
			runOnlyForDeploymentPostprocessing = 0;
		};
/* End PBXFrameworksBuildPhase section */

/* Begin PBXGroup section */
		F909BB0823E1E2A600F6C36C /* Frameworks */ = {
			isa = PBXGroup;
			children = (
			);
			name = Frameworks;
			sourceTree = "<group>";
		};
		F91941D923D09FFB00FA0D53 /* Products */ = {
			isa = PBXGroup;
			children = (
				F91941DD23D09FFB00FA0D53 /* CDMManager.app */,
			);
			name = Products;
			sourceTree = "<group>";
		};
		F94A81082386460500AA858B /* Launch Agents */ = {
			isa = PBXGroup;
			children = (
				F94A80F92385EBD600AA858B /* amphetamine-enhancer-cdmManager.plist */,
				F94A80F42385EBD600AA858B /* amphetamine-enhancer-allProcesses.plist */,
			);
			path = "Launch Agents";
			sourceTree = "<group>";
		};
		F9B5E24F23427E4C00A3B48E = {
			isa = PBXGroup;
			children = (
				F91941D823D09FFB00FA0D53 /* CDMManager.xcodeproj */,
				F9B5E25A23427E4C00A3B48E /* Amphetamine Enhancer */,
				F9B5E25923427E4C00A3B48E /* Products */,
				F909BB0823E1E2A600F6C36C /* Frameworks */,
			);
			sourceTree = "<group>";
		};
		F9B5E25923427E4C00A3B48E /* Products */ = {
			isa = PBXGroup;
			children = (
				F9B5E25823427E4C00A3B48E /* Amphetamine Enhancer.app */,
			);
			name = Products;
			sourceTree = "<group>";
		};
		F9B5E25A23427E4C00A3B48E /* Amphetamine Enhancer */ = {
			isa = PBXGroup;
			children = (
				F94A81082386460500AA858B /* Launch Agents */,
				F9B5E27623427F0E00A3B48E /* Scripts */,
				F9B5E25B23427E4C00A3B48E /* AppDelegate.h */,
				F9B5E25C23427E4C00A3B48E /* AppDelegate.m */,
				F9B5E25E23427E4D00A3B48E /* Assets.xcassets */,
				F9B5E26023427E4D00A3B48E /* MainMenu.xib */,
				F9B5E26323427E4D00A3B48E /* Info.plist */,
				F9B5E26423427E4D00A3B48E /* main.m */,
				F9B5E26623427E4D00A3B48E /* Amphetamine_Enhancer.entitlements */,
				F94C4C3D23E1140A00083222 /* LetsMove.framework */,
				F94C4C4223E1D9D100083222 /* Sparkle.framework */,
			);
			path = "Amphetamine Enhancer";
			sourceTree = "<group>";
		};
		F9B5E27623427F0E00A3B48E /* Scripts */ = {
			isa = PBXGroup;
			children = (
				F94A80F72385EBD600AA858B /* amphetamine-enhancer-allProcesses.sh */,
				F94A80F82385EBD600AA858B /* amphetamine-enhancer-cdmManager.sh */,
			);
			path = Scripts;
			sourceTree = "<group>";
		};
/* End PBXGroup section */

/* Begin PBXNativeTarget section */
		F9B5E25723427E4C00A3B48E /* Amphetamine Enhancer */ = {
			isa = PBXNativeTarget;
			buildConfigurationList = F9B5E26923427E4D00A3B48E /* Build configuration list for PBXNativeTarget "Amphetamine Enhancer" */;
			buildPhases = (
				F9B5E25423427E4C00A3B48E /* Sources */,
				F9B5E25523427E4C00A3B48E /* Frameworks */,
				F9B5E25623427E4C00A3B48E /* Resources */,
				F91941D623D09EC000FA0D53 /* CopyFiles */,
				F94C4C4023E1143100083222 /* CopyFiles */,
			);
			buildRules = (
			);
			dependencies = (
			);
			name = "Amphetamine Enhancer";
			productName = "Amphetamine Enhancer";
			productReference = F9B5E25823427E4C00A3B48E /* Amphetamine Enhancer.app */;
			productType = "com.apple.product-type.application";
		};
/* End PBXNativeTarget section */

/* Begin PBXProject section */
		F9B5E25023427E4C00A3B48E /* Project object */ = {
			isa = PBXProject;
			attributes = {
				LastUpgradeCheck = 1120;
				ORGANIZATIONNAME = "William Gustafson";
				TargetAttributes = {
					F9B5E25723427E4C00A3B48E = {
						CreatedOnToolsVersion = 11.0;
					};
				};
			};
			buildConfigurationList = F9B5E25323427E4C00A3B48E /* Build configuration list for PBXProject "Amphetamine Enhancer" */;
			compatibilityVersion = "Xcode 9.3";
			developmentRegion = en;
			hasScannedForEncodings = 0;
			knownRegions = (
				en,
				Base,
			);
			mainGroup = F9B5E24F23427E4C00A3B48E;
			productRefGroup = F9B5E25923427E4C00A3B48E /* Products */;
			projectDirPath = "";
			projectReferences = (
				{
					ProductGroup = F91941D923D09FFB00FA0D53 /* Products */;
					ProjectRef = F91941D823D09FFB00FA0D53 /* CDMManager.xcodeproj */;
				},
			);
			projectRoot = "";
			targets = (
				F9B5E25723427E4C00A3B48E /* Amphetamine Enhancer */,
			);
		};
/* End PBXProject section */

/* Begin PBXReferenceProxy section */
		F91941DD23D09FFB00FA0D53 /* CDMManager.app */ = {
			isa = PBXReferenceProxy;
			fileType = wrapper.application;
			path = CDMManager.app;
			remoteRef = F91941DC23D09FFB00FA0D53 /* PBXContainerItemProxy */;
			sourceTree = BUILT_PRODUCTS_DIR;
		};
/* End PBXReferenceProxy section */

/* Begin PBXResourcesBuildPhase section */
		F9B5E25623427E4C00A3B48E /* Resources */ = {
			isa = PBXResourcesBuildPhase;
			buildActionMask = 2147483647;
			files = (
				F94A81022385EBD600AA858B /* amphetamine-enhancer-cdmManager.sh in Resources */,
				F94A80FE2385EBD600AA858B /* amphetamine-enhancer-allProcesses.plist in Resources */,
				F94A81032385EBD600AA858B /* amphetamine-enhancer-cdmManager.plist in Resources */,
				F9B5E25F23427E4D00A3B48E /* Assets.xcassets in Resources */,
				F9B5E26223427E4D00A3B48E /* MainMenu.xib in Resources */,
				F94A81012385EBD600AA858B /* amphetamine-enhancer-allProcesses.sh in Resources */,
			);
			runOnlyForDeploymentPostprocessing = 0;
		};
/* End PBXResourcesBuildPhase section */

/* Begin PBXSourcesBuildPhase section */
		F9B5E25423427E4C00A3B48E /* Sources */ = {
			isa = PBXSourcesBuildPhase;
			buildActionMask = 2147483647;
			files = (
				F9B5E26523427E4D00A3B48E /* main.m in Sources */,
				F9B5E25D23427E4C00A3B48E /* AppDelegate.m in Sources */,
			);
			runOnlyForDeploymentPostprocessing = 0;
		};
/* End PBXSourcesBuildPhase section */

/* Begin PBXVariantGroup section */
		F9B5E26023427E4D00A3B48E /* MainMenu.xib */ = {
			isa = PBXVariantGroup;
			children = (
				F9B5E26123427E4D00A3B48E /* Base */,
			);
			name = MainMenu.xib;
			sourceTree = "<group>";
		};
/* End PBXVariantGroup section */

/* Begin XCBuildConfiguration section */
		F9B5E26723427E4D00A3B48E /* Debug */ = {
			isa = XCBuildConfiguration;
			buildSettings = {
				ALWAYS_SEARCH_USER_PATHS = NO;
				CLANG_ANALYZER_NONNULL = YES;
				CLANG_ANALYZER_NUMBER_OBJECT_CONVERSION = YES_AGGRESSIVE;
				CLANG_CXX_LANGUAGE_STANDARD = "gnu++14";
				CLANG_CXX_LIBRARY = "libc++";
				CLANG_ENABLE_MODULES = YES;
				CLANG_ENABLE_OBJC_ARC = YES;
				CLANG_ENABLE_OBJC_WEAK = YES;
				CLANG_WARN_BLOCK_CAPTURE_AUTORELEASING = YES;
				CLANG_WARN_BOOL_CONVERSION = YES;
				CLANG_WARN_COMMA = YES;
				CLANG_WARN_CONSTANT_CONVERSION = YES;
				CLANG_WARN_DEPRECATED_OBJC_IMPLEMENTATIONS = YES;
				CLANG_WARN_DIRECT_OBJC_ISA_USAGE = YES_ERROR;
				CLANG_WARN_DOCUMENTATION_COMMENTS = YES;
				CLANG_WARN_EMPTY_BODY = YES;
				CLANG_WARN_ENUM_CONVERSION = YES;
				CLANG_WARN_INFINITE_RECURSION = YES;
				CLANG_WARN_INT_CONVERSION = YES;
				CLANG_WARN_NON_LITERAL_NULL_CONVERSION = YES;
				CLANG_WARN_OBJC_IMPLICIT_RETAIN_SELF = YES;
				CLANG_WARN_OBJC_LITERAL_CONVERSION = YES;
				CLANG_WARN_OBJC_ROOT_CLASS = YES_ERROR;
				CLANG_WARN_RANGE_LOOP_ANALYSIS = YES;
				CLANG_WARN_STRICT_PROTOTYPES = YES;
				CLANG_WARN_SUSPICIOUS_MOVE = YES;
				CLANG_WARN_UNGUARDED_AVAILABILITY = YES_AGGRESSIVE;
				CLANG_WARN_UNREACHABLE_CODE = YES;
				CLANG_WARN__DUPLICATE_METHOD_MATCH = YES;
				COPY_PHASE_STRIP = NO;
				DEBUG_INFORMATION_FORMAT = dwarf;
				ENABLE_STRICT_OBJC_MSGSEND = YES;
				ENABLE_TESTABILITY = YES;
				GCC_C_LANGUAGE_STANDARD = gnu11;
				GCC_DYNAMIC_NO_PIC = NO;
				GCC_NO_COMMON_BLOCKS = YES;
				GCC_OPTIMIZATION_LEVEL = 0;
				GCC_PREPROCESSOR_DEFINITIONS = (
					"DEBUG=1",
					"$(inherited)",
				);
				GCC_WARN_64_TO_32_BIT_CONVERSION = YES;
				GCC_WARN_ABOUT_RETURN_TYPE = YES_ERROR;
				GCC_WARN_UNDECLARED_SELECTOR = YES;
				GCC_WARN_UNINITIALIZED_AUTOS = YES_AGGRESSIVE;
				GCC_WARN_UNUSED_FUNCTION = YES;
				GCC_WARN_UNUSED_VARIABLE = YES;
				MACOSX_DEPLOYMENT_TARGET = 10.11;
				MTL_ENABLE_DEBUG_INFO = INCLUDE_SOURCE;
				MTL_FAST_MATH = YES;
				ONLY_ACTIVE_ARCH = YES;
				SDKROOT = macosx;
			};
			name = Debug;
		};
		F9B5E26823427E4D00A3B48E /* Release */ = {
			isa = XCBuildConfiguration;
			buildSettings = {
				ALWAYS_SEARCH_USER_PATHS = NO;
				CLANG_ANALYZER_NONNULL = YES;
				CLANG_ANALYZER_NUMBER_OBJECT_CONVERSION = YES_AGGRESSIVE;
				CLANG_CXX_LANGUAGE_STANDARD = "gnu++14";
				CLANG_CXX_LIBRARY = "libc++";
				CLANG_ENABLE_MODULES = YES;
				CLANG_ENABLE_OBJC_ARC = YES;
				CLANG_ENABLE_OBJC_WEAK = YES;
				CLANG_WARN_BLOCK_CAPTURE_AUTORELEASING = YES;
				CLANG_WARN_BOOL_CONVERSION = YES;
				CLANG_WARN_COMMA = YES;
				CLANG_WARN_CONSTANT_CONVERSION = YES;
				CLANG_WARN_DEPRECATED_OBJC_IMPLEMENTATIONS = YES;
				CLANG_WARN_DIRECT_OBJC_ISA_USAGE = YES_ERROR;
				CLANG_WARN_DOCUMENTATION_COMMENTS = YES;
				CLANG_WARN_EMPTY_BODY = YES;
				CLANG_WARN_ENUM_CONVERSION = YES;
				CLANG_WARN_INFINITE_RECURSION = YES;
				CLANG_WARN_INT_CONVERSION = YES;
				CLANG_WARN_NON_LITERAL_NULL_CONVERSION = YES;
				CLANG_WARN_OBJC_IMPLICIT_RETAIN_SELF = YES;
				CLANG_WARN_OBJC_LITERAL_CONVERSION = YES;
				CLANG_WARN_OBJC_ROOT_CLASS = YES_ERROR;
				CLANG_WARN_RANGE_LOOP_ANALYSIS = YES;
				CLANG_WARN_STRICT_PROTOTYPES = YES;
				CLANG_WARN_SUSPICIOUS_MOVE = YES;
				CLANG_WARN_UNGUARDED_AVAILABILITY = YES_AGGRESSIVE;
				CLANG_WARN_UNREACHABLE_CODE = YES;
				CLANG_WARN__DUPLICATE_METHOD_MATCH = YES;
				COPY_PHASE_STRIP = NO;
				DEBUG_INFORMATION_FORMAT = "dwarf-with-dsym";
				ENABLE_NS_ASSERTIONS = NO;
				ENABLE_STRICT_OBJC_MSGSEND = YES;
				GCC_C_LANGUAGE_STANDARD = gnu11;
				GCC_NO_COMMON_BLOCKS = YES;
				GCC_WARN_64_TO_32_BIT_CONVERSION = YES;
				GCC_WARN_ABOUT_RETURN_TYPE = YES_ERROR;
				GCC_WARN_UNDECLARED_SELECTOR = YES;
				GCC_WARN_UNINITIALIZED_AUTOS = YES_AGGRESSIVE;
				GCC_WARN_UNUSED_FUNCTION = YES;
				GCC_WARN_UNUSED_VARIABLE = YES;
				MACOSX_DEPLOYMENT_TARGET = 10.11;
				MTL_ENABLE_DEBUG_INFO = NO;
				MTL_FAST_MATH = YES;
				SDKROOT = macosx;
			};
			name = Release;
		};
		F9B5E26A23427E4D00A3B48E /* Debug */ = {
			isa = XCBuildConfiguration;
			buildSettings = {
				ASSETCATALOG_COMPILER_APPICON_NAME = AppIcon;
				CODE_SIGN_ENTITLEMENTS = "Amphetamine Enhancer/Amphetamine_Enhancer.entitlements";
				CODE_SIGN_IDENTITY = "Developer ID Application";
				CODE_SIGN_STYLE = Manual;
				COMBINE_HIDPI_IMAGES = YES;
				CURRENT_PROJECT_VERSION = 1015;
				DEVELOPMENT_TEAM = U5SR49N3PT;
				ENABLE_HARDENED_RUNTIME = YES;
				FRAMEWORK_SEARCH_PATHS = (
					"$(inherited)",
					"$(PROJECT_DIR)/Amphetamine\\ Enhancer",
					"$(PROJECT_DIR)/Amphetamine\\ Enhancer",
					"$(PROJECT_DIR)/Amphetamine\\ Enhancer",
				);
				INFOPLIST_FILE = "Amphetamine Enhancer/Info.plist";
				LD_RUNPATH_SEARCH_PATHS = (
					"$(inherited)",
					"@executable_path/../Frameworks",
					"@executable_path/../Frameworks",
				);
				PRODUCT_BUNDLE_IDENTIFIER = "com.if.Amphetamine-Enhancer";
				PRODUCT_NAME = "$(TARGET_NAME)";
				PROVISIONING_PROFILE_SPECIFIER = "";
			};
			name = Debug;
		};
		F9B5E26B23427E4D00A3B48E /* Release */ = {
			isa = XCBuildConfiguration;
			buildSettings = {
				ASSETCATALOG_COMPILER_APPICON_NAME = AppIcon;
				CODE_SIGN_ENTITLEMENTS = "Amphetamine Enhancer/Amphetamine_Enhancer.entitlements";
				CODE_SIGN_IDENTITY = "Developer ID Application";
				CODE_SIGN_STYLE = Manual;
				COMBINE_HIDPI_IMAGES = YES;
				CURRENT_PROJECT_VERSION = 1015;
				DEVELOPMENT_TEAM = U5SR49N3PT;
				ENABLE_HARDENED_RUNTIME = YES;
				FRAMEWORK_SEARCH_PATHS = (
					"$(inherited)",
					"$(PROJECT_DIR)/Amphetamine\\ Enhancer",
					"$(PROJECT_DIR)/Amphetamine\\ Enhancer",
					"$(PROJECT_DIR)/Amphetamine\\ Enhancer",
				);
				INFOPLIST_FILE = "Amphetamine Enhancer/Info.plist";
				LD_RUNPATH_SEARCH_PATHS = (
					"$(inherited)",
					"@executable_path/../Frameworks",
					"@executable_path/../Frameworks",
				);
				PRODUCT_BUNDLE_IDENTIFIER = "com.if.Amphetamine-Enhancer";
				PRODUCT_NAME = "$(TARGET_NAME)";
				PROVISIONING_PROFILE_SPECIFIER = "";
			};
			name = Release;
		};
/* End XCBuildConfiguration section */

/* Begin XCConfigurationList section */
		F9B5E25323427E4C00A3B48E /* Build configuration list for PBXProject "Amphetamine Enhancer" */ = {
			isa = XCConfigurationList;
			buildConfigurations = (
				F9B5E26723427E4D00A3B48E /* Debug */,
				F9B5E26823427E4D00A3B48E /* Release */,
			);
			defaultConfigurationIsVisible = 0;
			defaultConfigurationName = Release;
		};
		F9B5E26923427E4D00A3B48E /* Build configuration list for PBXNativeTarget "Amphetamine Enhancer" */ = {
			isa = XCConfigurationList;
			buildConfigurations = (
				F9B5E26A23427E4D00A3B48E /* Debug */,
				F9B5E26B23427E4D00A3B48E /* Release */,
			);
			defaultConfigurationIsVisible = 0;
			defaultConfigurationName = Release;
		};
/* End XCConfigurationList section */
	};
	rootObject = F9B5E25023427E4C00A3B48E /* Project object */;
}
